
Microsoft Visual Studio Solution File, Format Version 12.00
# Visual Studio Version 17
VisualStudioVersion = 17.11.35208.52
MinimumVisualStudioVersion = 10.0.40219.1
Project("{FAE04EC0-301F-11D3-BF4B-00C04F79EFBC}") = "InicioSesion", "InicioSesion\InicioSesion.csproj", "{5CB3ED62-A5F2-4C87-B74D-8FFB2B44E988}"
EndProject
Global
	GlobalSection(SolutionConfigurationPlatforms) = preSolution
		Debug|Any CPU = Debug|Any CPU
		Release|Any CPU = Release|Any CPU
	EndGlobalSection
	GlobalSection(ProjectConfigurationPlatforms) = postSolution
		{5CB3ED62-A5F2-4C87-B74D-8FFB2B44E988}.Debug|Any CPU.ActiveCfg = Debug|Any CPU
		{5CB3ED62-A5F2-4C87-B74D-8FFB2B44E988}.Debug|Any CPU.Build.0 = Debug|Any CPU
		{5CB3ED62-A5F2-4C87-B74D-8FFB2B44E988}.Release|Any CPU.ActiveCfg = Release|Any CPU
		{5CB3ED62-A5F2-4C87-B74D-8FFB2B44E988}.Release|Any CPU.Build.0 = Release|Any CPU
	EndGlobalSection
	GlobalSection(SolutionProperties) = preSolution
		HideSolutionNode = FALSE
	EndGlobalSection
	GlobalSection(ExtensibilityGlobals) = postSolution
		SolutionGuid = {737A02EB-C15D-4221-AFC4-8271A4D744AA}
	EndGlobalSection
EndGlobal
